
Microsoft Visual Studio Solution File, Format Version 12.00
# Visual Studio Version 17
VisualStudioVersion = 17.7.34221.43
MinimumVisualStudioVersion = 10.0.40219.1
Project("{9A19103F-16F7-4668-BE54-9A1E7A4F7556}") = "WASM_Tickets.Server", "Server\WASM_Tickets.Server.csproj", "{9807F304-645E-4744-9F49-C2CE84F4DB4D}"
EndProject
Project("{9A19103F-16F7-4668-BE54-9A1E7A4F7556}") = "WASM_Tickets.Client", "Client\WASM_Tickets.Client.csproj", "{1D4E398C-CD82-4B3C-B3C6-34A5A2B12891}"
EndProject
Project("{9A19103F-16F7-4668-BE54-9A1E7A4F7556}") = "WASM_Tickets.Shared", "Shared\WASM_Tickets.Shared.csproj", "{41170217-D3E5-4B4F-B602-33052BAB1DA4}"
EndProject
Global
	GlobalSection(SolutionConfigurationPlatforms) = preSolution
		Debug|Any CPU = Debug|Any CPU
		Release|Any CPU = Release|Any CPU
	EndGlobalSection
	GlobalSection(ProjectConfigurationPlatforms) = postSolution
		{9807F304-645E-4744-9F49-C2CE84F4DB4D}.Debug|Any CPU.ActiveCfg = Debug|Any CPU
		{9807F304-645E-4744-9F49-C2CE84F4DB4D}.Debug|Any CPU.Build.0 = Debug|Any CPU
		{9807F304-645E-4744-9F49-C2CE84F4DB4D}.Release|Any CPU.ActiveCfg = Release|Any CPU
		{9807F304-645E-4744-9F49-C2CE84F4DB4D}.Release|Any CPU.Build.0 = Release|Any CPU
		{1D4E398C-CD82-4B3C-B3C6-34A5A2B12891}.Debug|Any CPU.ActiveCfg = Debug|Any CPU
		{1D4E398C-CD82-4B3C-B3C6-34A5A2B12891}.Debug|Any CPU.Build.0 = Debug|Any CPU
		{1D4E398C-CD82-4B3C-B3C6-34A5A2B12891}.Release|Any CPU.ActiveCfg = Release|Any CPU
		{1D4E398C-CD82-4B3C-B3C6-34A5A2B12891}.Release|Any CPU.Build.0 = Release|Any CPU
		{41170217-D3E5-4B4F-B602-33052BAB1DA4}.Debug|Any CPU.ActiveCfg = Debug|Any CPU
		{41170217-D3E5-4B4F-B602-33052BAB1DA4}.Debug|Any CPU.Build.0 = Debug|Any CPU
		{41170217-D3E5-4B4F-B602-33052BAB1DA4}.Release|Any CPU.ActiveCfg = Release|Any CPU
		{41170217-D3E5-4B4F-B602-33052BAB1DA4}.Release|Any CPU.Build.0 = Release|Any CPU
	EndGlobalSection
	GlobalSection(SolutionProperties) = preSolution
		HideSolutionNode = FALSE
	EndGlobalSection
	GlobalSection(ExtensibilityGlobals) = postSolution
		SolutionGuid = {17FB5C33-4A55-4EC5-A914-561A97C5DC4A}
	EndGlobalSection
EndGlobal
